
Microsoft Visual Studio Solution File, Format Version 12.00
# Visual Studio 15
VisualStudioVersion = 15.0.28307.852
MinimumVisualStudioVersion = 10.0.40219.1
Project("{8BC9CEB8-8B4A-11D0-8D11-00A0C91BC942}") = "ProMC", "ProMC\ProMC.vcxproj", "{CDA3D365-EBD0-4A81-A978-F961386B8811}"
EndProject
Global
	GlobalSection(SolutionConfigurationPlatforms) = preSolution
		Debug|x64 = Debug|x64
		Debug|x86 = Debug|x86
		Release|x64 = Release|x64
		Release|x86 = Release|x86
	EndGlobalSection
	GlobalSection(ProjectConfigurationPlatforms) = postSolution
		{CDA3D365-EBD0-4A81-A978-F961386B8811}.Debug|x64.ActiveCfg = Debug|x64
		{CDA3D365-EBD0-4A81-A978-F961386B8811}.Debug|x64.Build.0 = Debug|x64
		{CDA3D365-EBD0-4A81-A978-F961386B8811}.Debug|x86.ActiveCfg = Debug|Win32
		{CDA3D365-EBD0-4A81-A978-F961386B8811}.Debug|x86.Build.0 = Debug|Win32
		{CDA3D365-EBD0-4A81-A978-F961386B8811}.Release|x64.ActiveCfg = Release|x64
		{CDA3D365-EBD0-4A81-A978-F961386B8811}.Release|x64.Build.0 = Release|x64
		{CDA3D365-EBD0-4A81-A978-F961386B8811}.Release|x86.ActiveCfg = Release|Win32
		{CDA3D365-EBD0-4A81-A978-F961386B8811}.Release|x86.Build.0 = Release|Win32
	EndGlobalSection
	GlobalSection(SolutionProperties) = preSolution
		HideSolutionNode = FALSE
	EndGlobalSection
	GlobalSection(ExtensibilityGlobals) = postSolution
		SolutionGuid = {C1ADDF74-902A-4926-86B6-C415FAE652AC}
	EndGlobalSection
EndGlobal
